dependencies:
- name: redis
  repository: oci://registry-1.docker.io/bitnamicharts
  version: 19.6.4
- name: postgresql
  repository: oci://registry-1.docker.io/bitnamicharts
  version: 15.5.38
digest: sha256:5f441de0ea5815e2c66a485df9205f2222e75cdb3e272a51668cceb666fc3190
generated: "2025-05-28T16:43:44.334561+03:00"
